
Microsoft Visual Studio Solution File, Format Version 12.00
# Visual Studio Version 17
VisualStudioVersion = 17.0.31903.59
MinimumVisualStudioVersion = 10.0.40219.1
Project("{FAE04EC0-301F-11D3-BF4B-00C04F79EFBC}") = "Auth", "Auth\Auth.csproj", "{16299EC1-D5B4-4F71-ADE9-EB1A5B7246C8}"
EndProject
Global
	GlobalSection(SolutionConfigurationPlatforms) = preSolution
		Debug|Any CPU = Debug|Any CPU
		Release|Any CPU = Release|Any CPU
	EndGlobalSection
	GlobalSection(ProjectConfigurationPlatforms) = postSolution
		{16299EC1-D5B4-4F71-ADE9-EB1A5B7246C8}.Debug|Any CPU.ActiveCfg = Debug|Any CPU
		{16299EC1-D5B4-4F71-ADE9-EB1A5B7246C8}.Debug|Any CPU.Build.0 = Debug|Any CPU
		{16299EC1-D5B4-4F71-ADE9-EB1A5B7246C8}.Release|Any CPU.ActiveCfg = Release|Any CPU
		{16299EC1-D5B4-4F71-ADE9-EB1A5B7246C8}.Release|Any CPU.Build.0 = Release|Any CPU
	EndGlobalSection
	GlobalSection(SolutionProperties) = preSolution
		HideSolutionNode = FALSE
	EndGlobalSection
	GlobalSection(ExtensibilityGlobals) = postSolution
		SolutionGuid = {1C321A09-458A-4701-953C-5E036CB7CD84}
	EndGlobalSection
EndGlobal
